
Microsoft Visual Studio Solution File, Format Version 12.00
# Visual Studio Version 16
VisualStudioVersion = 16.0.31727.386
MinimumVisualStudioVersion = 10.0.40219.1
Project("{FAE04EC0-301F-11D3-BF4B-00C04F79EFBC}") = "Exercicio-40", "Exercicio-40\Exercicio-40.csproj", "{361387BD-3EA7-4317-BD6B-1A84CB4C526A}"
EndProject
Global
	GlobalSection(SolutionConfigurationPlatforms) = preSolution
		Debug|Any CPU = Debug|Any CPU
		Release|Any CPU = Release|Any CPU
	EndGlobalSection
	GlobalSection(ProjectConfigurationPlatforms) = postSolution
		{361387BD-3EA7-4317-BD6B-1A84CB4C526A}.Debug|Any CPU.ActiveCfg = Debug|Any CPU
		{361387BD-3EA7-4317-BD6B-1A84CB4C526A}.Debug|Any CPU.Build.0 = Debug|Any CPU
		{361387BD-3EA7-4317-BD6B-1A84CB4C526A}.Release|Any CPU.ActiveCfg = Release|Any CPU
		{361387BD-3EA7-4317-BD6B-1A84CB4C526A}.Release|Any CPU.Build.0 = Release|Any CPU
	EndGlobalSection
	GlobalSection(SolutionProperties) = preSolution
		HideSolutionNode = FALSE
	EndGlobalSection
	GlobalSection(ExtensibilityGlobals) = postSolution
		SolutionGuid = {1635FA11-0256-4848-BF82-42FD0A5F0B0A}
	EndGlobalSection
EndGlobal
