
Microsoft Visual Studio Solution File, Format Version 12.00
# Visual Studio Version 16
VisualStudioVersion = 16.0.31702.278
MinimumVisualStudioVersion = 10.0.40219.1
Project("{FAE04EC0-301F-11D3-BF4B-00C04F79EFBC}") = "Exercicio-37", "Exercicio-37\Exercicio-37.csproj", "{29F610DC-08B3-4B31-8F2C-76F66F973222}"
EndProject
Global
	GlobalSection(SolutionConfigurationPlatforms) = preSolution
		Debug|Any CPU = Debug|Any CPU
		Release|Any CPU = Release|Any CPU
	EndGlobalSection
	GlobalSection(ProjectConfigurationPlatforms) = postSolution
		{29F610DC-08B3-4B31-8F2C-76F66F973222}.Debug|Any CPU.ActiveCfg = Debug|Any CPU
		{29F610DC-08B3-4B31-8F2C-76F66F973222}.Debug|Any CPU.Build.0 = Debug|Any CPU
		{29F610DC-08B3-4B31-8F2C-76F66F973222}.Release|Any CPU.ActiveCfg = Release|Any CPU
		{29F610DC-08B3-4B31-8F2C-76F66F973222}.Release|Any CPU.Build.0 = Release|Any CPU
	EndGlobalSection
	GlobalSection(SolutionProperties) = preSolution
		HideSolutionNode = FALSE
	EndGlobalSection
	GlobalSection(ExtensibilityGlobals) = postSolution
		SolutionGuid = {143AD931-66CE-424F-BFDC-2DCAD797DF22}
	EndGlobalSection
EndGlobal
