
Microsoft Visual Studio Solution File, Format Version 12.00
Project("{FAE04EC0-301F-11D3-BF4B-00C04F79EFBC}") = "Exercicio-44", "Exercicio-44\Exercicio-44.csproj", "{24BAD2EB-822A-40A3-B3F1-2B6F3989B723}"
EndProject
Global
	GlobalSection(SolutionConfigurationPlatforms) = preSolution
		Debug|Any CPU = Debug|Any CPU
		Release|Any CPU = Release|Any CPU
	EndGlobalSection
	GlobalSection(ProjectConfigurationPlatforms) = postSolution
		{24BAD2EB-822A-40A3-B3F1-2B6F3989B723}.Debug|Any CPU.ActiveCfg = Debug|Any CPU
		{24BAD2EB-822A-40A3-B3F1-2B6F3989B723}.Debug|Any CPU.Build.0 = Debug|Any CPU
		{24BAD2EB-822A-40A3-B3F1-2B6F3989B723}.Release|Any CPU.ActiveCfg = Release|Any CPU
		{24BAD2EB-822A-40A3-B3F1-2B6F3989B723}.Release|Any CPU.Build.0 = Release|Any CPU
	EndGlobalSection
EndGlobal
