
Microsoft Visual Studio Solution File, Format Version 12.00
# Visual Studio Version 16
VisualStudioVersion = 16.0.31702.278
MinimumVisualStudioVersion = 10.0.40219.1
Project("{FAE04EC0-301F-11D3-BF4B-00C04F79EFBC}") = "Exercicio-38", "Exercicio-38\Exercicio-38.csproj", "{97A75138-7885-4DBD-B4E0-3D01C19C22D9}"
EndProject
Global
	GlobalSection(SolutionConfigurationPlatforms) = preSolution
		Debug|Any CPU = Debug|Any CPU
		Release|Any CPU = Release|Any CPU
	EndGlobalSection
	GlobalSection(ProjectConfigurationPlatforms) = postSolution
		{97A75138-7885-4DBD-B4E0-3D01C19C22D9}.Debug|Any CPU.ActiveCfg = Debug|Any CPU
		{97A75138-7885-4DBD-B4E0-3D01C19C22D9}.Debug|Any CPU.Build.0 = Debug|Any CPU
		{97A75138-7885-4DBD-B4E0-3D01C19C22D9}.Release|Any CPU.ActiveCfg = Release|Any CPU
		{97A75138-7885-4DBD-B4E0-3D01C19C22D9}.Release|Any CPU.Build.0 = Release|Any CPU
	EndGlobalSection
	GlobalSection(SolutionProperties) = preSolution
		HideSolutionNode = FALSE
	EndGlobalSection
	GlobalSection(ExtensibilityGlobals) = postSolution
		SolutionGuid = {31EED185-0AE4-4546-B636-A751B21DBDBA}
	EndGlobalSection
EndGlobal
