
Microsoft Visual Studio Solution File, Format Version 12.00
# Visual Studio Version 16
VisualStudioVersion = 16.0.31605.320
MinimumVisualStudioVersion = 10.0.40219.1
Project("{FAE04EC0-301F-11D3-BF4B-00C04F79EFBC}") = "Exercicio-2", "Exercicio-2\Exercicio-2.csproj", "{A087F2AE-6EDF-4BB9-A53B-4EFA7DD94F40}"
EndProject
Global
	GlobalSection(SolutionConfigurationPlatforms) = preSolution
		Debug|Any CPU = Debug|Any CPU
		Release|Any CPU = Release|Any CPU
	EndGlobalSection
	GlobalSection(ProjectConfigurationPlatforms) = postSolution
		{A087F2AE-6EDF-4BB9-A53B-4EFA7DD94F40}.Debug|Any CPU.ActiveCfg = Debug|Any CPU
		{A087F2AE-6EDF-4BB9-A53B-4EFA7DD94F40}.Debug|Any CPU.Build.0 = Debug|Any CPU
		{A087F2AE-6EDF-4BB9-A53B-4EFA7DD94F40}.Release|Any CPU.ActiveCfg = Release|Any CPU
		{A087F2AE-6EDF-4BB9-A53B-4EFA7DD94F40}.Release|Any CPU.Build.0 = Release|Any CPU
	EndGlobalSection
	GlobalSection(SolutionProperties) = preSolution
		HideSolutionNode = FALSE
	EndGlobalSection
	GlobalSection(ExtensibilityGlobals) = postSolution
		SolutionGuid = {8D562570-1461-4D30-B8B7-242C502DCBC4}
	EndGlobalSection
EndGlobal
