
Microsoft Visual Studio Solution File, Format Version 12.00
# Visual Studio Version 16
VisualStudioVersion = 16.0.31605.320
MinimumVisualStudioVersion = 10.0.40219.1
Project("{FAE04EC0-301F-11D3-BF4B-00C04F79EFBC}") = "Exercicio-28", "Exercicio-28\Exercicio-28.csproj", "{7158CFA6-3FAC-48D4-9134-86D93256CBEA}"
EndProject
Global
	GlobalSection(SolutionConfigurationPlatforms) = preSolution
		Debug|Any CPU = Debug|Any CPU
		Release|Any CPU = Release|Any CPU
	EndGlobalSection
	GlobalSection(ProjectConfigurationPlatforms) = postSolution
		{7158CFA6-3FAC-48D4-9134-86D93256CBEA}.Debug|Any CPU.ActiveCfg = Debug|Any CPU
		{7158CFA6-3FAC-48D4-9134-86D93256CBEA}.Debug|Any CPU.Build.0 = Debug|Any CPU
		{7158CFA6-3FAC-48D4-9134-86D93256CBEA}.Release|Any CPU.ActiveCfg = Release|Any CPU
		{7158CFA6-3FAC-48D4-9134-86D93256CBEA}.Release|Any CPU.Build.0 = Release|Any CPU
	EndGlobalSection
	GlobalSection(SolutionProperties) = preSolution
		HideSolutionNode = FALSE
	EndGlobalSection
	GlobalSection(ExtensibilityGlobals) = postSolution
		SolutionGuid = {581FD204-4788-4F1C-885C-C6A5C4389CE4}
	EndGlobalSection
EndGlobal
