
Microsoft Visual Studio Solution File, Format Version 12.00
Project("{FAE04EC0-301F-11D3-BF4B-00C04F79EFBC}") = "Exercicio-58", "Exercicio-58\Exercicio-58.csproj", "{676EE17C-FC15-4AB7-B836-E08CE6324944}"
EndProject
Global
	GlobalSection(SolutionConfigurationPlatforms) = preSolution
		Debug|Any CPU = Debug|Any CPU
		Release|Any CPU = Release|Any CPU
	EndGlobalSection
	GlobalSection(ProjectConfigurationPlatforms) = postSolution
		{676EE17C-FC15-4AB7-B836-E08CE6324944}.Debug|Any CPU.ActiveCfg = Debug|Any CPU
		{676EE17C-FC15-4AB7-B836-E08CE6324944}.Debug|Any CPU.Build.0 = Debug|Any CPU
		{676EE17C-FC15-4AB7-B836-E08CE6324944}.Release|Any CPU.ActiveCfg = Release|Any CPU
		{676EE17C-FC15-4AB7-B836-E08CE6324944}.Release|Any CPU.Build.0 = Release|Any CPU
	EndGlobalSection
EndGlobal
