
Microsoft Visual Studio Solution File, Format Version 12.00
# Visual Studio Version 16
VisualStudioVersion = 16.0.31605.320
MinimumVisualStudioVersion = 10.0.40219.1
Project("{FAE04EC0-301F-11D3-BF4B-00C04F79EFBC}") = "Exercicio-7", "Exercicio-7\Exercicio-7.csproj", "{225C0CAA-23A4-438B-ADA0-2AF2E85DFAEE}"
EndProject
Global
	GlobalSection(SolutionConfigurationPlatforms) = preSolution
		Debug|Any CPU = Debug|Any CPU
		Release|Any CPU = Release|Any CPU
	EndGlobalSection
	GlobalSection(ProjectConfigurationPlatforms) = postSolution
		{225C0CAA-23A4-438B-ADA0-2AF2E85DFAEE}.Debug|Any CPU.ActiveCfg = Debug|Any CPU
		{225C0CAA-23A4-438B-ADA0-2AF2E85DFAEE}.Debug|Any CPU.Build.0 = Debug|Any CPU
		{225C0CAA-23A4-438B-ADA0-2AF2E85DFAEE}.Release|Any CPU.ActiveCfg = Release|Any CPU
		{225C0CAA-23A4-438B-ADA0-2AF2E85DFAEE}.Release|Any CPU.Build.0 = Release|Any CPU
	EndGlobalSection
	GlobalSection(SolutionProperties) = preSolution
		HideSolutionNode = FALSE
	EndGlobalSection
	GlobalSection(ExtensibilityGlobals) = postSolution
		SolutionGuid = {FEAAEAEF-DB67-4F7D-8AB8-D40CBCBEA807}
	EndGlobalSection
EndGlobal
