
Microsoft Visual Studio Solution File, Format Version 12.00
# Visual Studio Version 16
VisualStudioVersion = 16.0.31702.278
MinimumVisualStudioVersion = 10.0.40219.1
Project("{FAE04EC0-301F-11D3-BF4B-00C04F79EFBC}") = "Exercicio-39", "Exercicio-39\Exercicio-39.csproj", "{E3EA607B-61F6-42F4-B3E8-9E50C65A9136}"
EndProject
Global
	GlobalSection(SolutionConfigurationPlatforms) = preSolution
		Debug|Any CPU = Debug|Any CPU
		Release|Any CPU = Release|Any CPU
	EndGlobalSection
	GlobalSection(ProjectConfigurationPlatforms) = postSolution
		{E3EA607B-61F6-42F4-B3E8-9E50C65A9136}.Debug|Any CPU.ActiveCfg = Debug|Any CPU
		{E3EA607B-61F6-42F4-B3E8-9E50C65A9136}.Debug|Any CPU.Build.0 = Debug|Any CPU
		{E3EA607B-61F6-42F4-B3E8-9E50C65A9136}.Release|Any CPU.ActiveCfg = Release|Any CPU
		{E3EA607B-61F6-42F4-B3E8-9E50C65A9136}.Release|Any CPU.Build.0 = Release|Any CPU
	EndGlobalSection
	GlobalSection(SolutionProperties) = preSolution
		HideSolutionNode = FALSE
	EndGlobalSection
	GlobalSection(ExtensibilityGlobals) = postSolution
		SolutionGuid = {63843F00-7803-4D25-A2B6-6EF908CB3172}
	EndGlobalSection
EndGlobal
