
Microsoft Visual Studio Solution File, Format Version 12.00
# Visual Studio Version 16
VisualStudioVersion = 16.0.31605.320
MinimumVisualStudioVersion = 10.0.40219.1
Project("{FAE04EC0-301F-11D3-BF4B-00C04F79EFBC}") = "Exercicio-8", "Exercicio-8\Exercicio-8.csproj", "{D64F24BD-DF43-4B2C-B46C-EAF3BD484FE9}"
EndProject
Global
	GlobalSection(SolutionConfigurationPlatforms) = preSolution
		Debug|Any CPU = Debug|Any CPU
		Release|Any CPU = Release|Any CPU
	EndGlobalSection
	GlobalSection(ProjectConfigurationPlatforms) = postSolution
		{D64F24BD-DF43-4B2C-B46C-EAF3BD484FE9}.Debug|Any CPU.ActiveCfg = Debug|Any CPU
		{D64F24BD-DF43-4B2C-B46C-EAF3BD484FE9}.Debug|Any CPU.Build.0 = Debug|Any CPU
		{D64F24BD-DF43-4B2C-B46C-EAF3BD484FE9}.Release|Any CPU.ActiveCfg = Release|Any CPU
		{D64F24BD-DF43-4B2C-B46C-EAF3BD484FE9}.Release|Any CPU.Build.0 = Release|Any CPU
	EndGlobalSection
	GlobalSection(SolutionProperties) = preSolution
		HideSolutionNode = FALSE
	EndGlobalSection
	GlobalSection(ExtensibilityGlobals) = postSolution
		SolutionGuid = {52A997C1-03C3-4019-9DB0-D0D89A653551}
	EndGlobalSection
EndGlobal
