
Microsoft Visual Studio Solution File, Format Version 12.00
# Visual Studio Version 16
VisualStudioVersion = 16.0.31727.386
MinimumVisualStudioVersion = 10.0.40219.1
Project("{FAE04EC0-301F-11D3-BF4B-00C04F79EFBC}") = "Exercicio-41", "Exercicio-41\Exercicio-41.csproj", "{49BF4E88-55EA-4566-9878-210BC7031FEE}"
EndProject
Global
	GlobalSection(SolutionConfigurationPlatforms) = preSolution
		Debug|Any CPU = Debug|Any CPU
		Release|Any CPU = Release|Any CPU
	EndGlobalSection
	GlobalSection(ProjectConfigurationPlatforms) = postSolution
		{49BF4E88-55EA-4566-9878-210BC7031FEE}.Debug|Any CPU.ActiveCfg = Debug|Any CPU
		{49BF4E88-55EA-4566-9878-210BC7031FEE}.Debug|Any CPU.Build.0 = Debug|Any CPU
		{49BF4E88-55EA-4566-9878-210BC7031FEE}.Release|Any CPU.ActiveCfg = Release|Any CPU
		{49BF4E88-55EA-4566-9878-210BC7031FEE}.Release|Any CPU.Build.0 = Release|Any CPU
	EndGlobalSection
	GlobalSection(SolutionProperties) = preSolution
		HideSolutionNode = FALSE
	EndGlobalSection
	GlobalSection(ExtensibilityGlobals) = postSolution
		SolutionGuid = {C62F93F1-AF72-4D09-BF94-2DFA94DB4F2E}
	EndGlobalSection
EndGlobal
